// !$*UTF8*$!
{
	archiveVersion = 1;
	classes = {
	};
	objectVersion = 50;
	objects = {

/* Begin PBXBuildFile section */
		36C40CEC243CFD1E009EBAD0 /* AppDelegate.swift in Sources */ = {isa = PBXBuildFile; fileRef = 36C40CEB243CFD1E009EBAD0 /* AppDelegate.swift */; };
		36C40CEE243CFD1E009EBAD0 /* SceneDelegate.swift in Sources */ = {isa = PBXBuildFile; fileRef = 36C40CED243CFD1E009EBAD0 /* SceneDelegate.swift */; };
		36C40CF6243CFD1E009EBAD0 /* BMI_Claculator.xcdatamodeld in Sources */ = {isa = PBXBuildFile; fileRef = 36C40CF4243CFD1E009EBAD0 /* BMI_Claculator.xcdatamodeld */; };
		36C40CF8243CFD20009EBAD0 /* Assets.xcassets in Resources */ = {isa = PBXBuildFile; fileRef = 36C40CF7243CFD20009EBAD0 /* Assets.xcassets */; };
		36C40CFB243CFD20009EBAD0 /* LaunchScreen.storyboard in Resources */ = {isa = PBXBuildFile; fileRef = 36C40CF9243CFD20009EBAD0 /* LaunchScreen.storyboard */; };
		36C40D05243CFD4D009EBAD0 /* CalculatorBrain.swift in Sources */ = {isa = PBXBuildFile; fileRef = 36C40D03243CFD4D009EBAD0 /* CalculatorBrain.swift */; };
		36C40D06243CFD4D009EBAD0 /* BMI.swift in Sources */ = {isa = PBXBuildFile; fileRef = 36C40D04243CFD4D009EBAD0 /* BMI.swift */; };
		36C40D0A243CFD52009EBAD0 /* Main.storyboard in Resources */ = {isa = PBXBuildFile; fileRef = 36C40D08243CFD52009EBAD0 /* Main.storyboard */; };
		36C40D13243CFD66009EBAD0 /* ResultViewController.swift in Sources */ = {isa = PBXBuildFile; fileRef = 36C40D11243CFD66009EBAD0 /* ResultViewController.swift */; };
		36C40D14243CFD66009EBAD0 /* CalculateViewController.swift in Sources */ = {isa = PBXBuildFile; fileRef = 36C40D12243CFD66009EBAD0 /* CalculateViewController.swift */; };
		36C40D19243D1418009EBAD0 /* hemi head bd it.ttf in Resources */ = {isa = PBXBuildFile; fileRef = 36C40D18243D1418009EBAD0 /* hemi head bd it.ttf */; };
/* End PBXBuildFile section */

/* Begin PBXFileReference section */
		36C40CE8243CFD1E009EBAD0 /* BMI Calculator.app */ = {isa = PBXFileReference; explicitFileType = wrapper.application; includeInIndex = 0; path = "BMI Calculator.app"; sourceTree = BUILT_PRODUCTS_DIR; };
		36C40CEB243CFD1E009EBAD0 /* AppDelegate.swift */ = {isa = PBXFileReference; lastKnownFileType = sourcecode.swift; path = AppDelegate.swift; sourceTree = "<group>"; };
		36C40CED243CFD1E009EBAD0 /* SceneDelegate.swift */ = {isa = PBXFileReference; lastKnownFileType = sourcecode.swift; path = SceneDelegate.swift; sourceTree = "<group>"; };
		36C40CF5243CFD1E009EBAD0 /* BMI_Claculator.xcdatamodel */ = {isa = PBXFileReference; lastKnownFileType = wrapper.xcdatamodel; path = BMI_Claculator.xcdatamodel; sourceTree = "<group>"; };
		36C40CF7243CFD20009EBAD0 /* Assets.xcassets */ = {isa = PBXFileReference; lastKnownFileType = folder.assetcatalog; path = Assets.xcassets; sourceTree = "<group>"; };
		36C40CFA243CFD20009EBAD0 /* Base */ = {isa = PBXFileReference; lastKnownFileType = file.storyboard; name = Base; path = Base.lproj/LaunchScreen.storyboard; sourceTree = "<group>"; };
		36C40CFC243CFD20009EBAD0 /* Info.plist */ = {isa = PBXFileReference; lastKnownFileType = text.plist.xml; path = Info.plist; sourceTree = "<group>"; };
		36C40D03243CFD4D009EBAD0 /* CalculatorBrain.swift */ = {isa = PBXFileReference; fileEncoding = 4; lastKnownFileType = sourcecode.swift; path = CalculatorBrain.swift; sourceTree = "<group>"; };
		36C40D04243CFD4D009EBAD0 /* BMI.swift */ = {isa = PBXFileReference; fileEncoding = 4; lastKnownFileType = sourcecode.swift; path = BMI.swift; sourceTree = "<group>"; };
		36C40D09243CFD52009EBAD0 /* Base */ = {isa = PBXFileReference; lastKnownFileType = file.storyboard; name = Base; path = Base.lproj/Main.storyboard; sourceTree = "<group>"; };
		36C40D11243CFD66009EBAD0 /* ResultViewController.swift */ = {isa = PBXFileReference; fileEncoding = 4; lastKnownFileType = sourcecode.swift; path = ResultViewController.swift; sourceTree = "<group>"; };
		36C40D12243CFD66009EBAD0 /* CalculateViewController.swift */ = {isa = PBXFileReference; fileEncoding = 4; lastKnownFileType = sourcecode.swift; path = CalculateViewController.swift; sourceTree = "<group>"; };
		36C40D18243D1418009EBAD0 /* hemi head bd it.ttf */ = {isa = PBXFileReference; lastKnownFileType = file; path = "hemi head bd it.ttf"; sourceTree = "<group>"; };
/* End PBXFileReference section */

/* Begin PBXFrameworksBuildPhase section */
		36C40CE5243CFD1E009EBAD0 /* Frameworks */ = {
			isa = PBXFrameworksBuildPhase;
			buildActionMask = 2147483647;
			files = (
			);
			runOnlyForDeploymentPostprocessing = 0;
		};
/* End PBXFrameworksBuildPhase section */

/* Begin PBXGroup section */
		36C40CDF243CFD1E009EBAD0 = {
			isa = PBXGroup;
			children = (
				36C40CEA243CFD1E009EBAD0 /* BMI Claculator */,
				36C40CE9243CFD1E009EBAD0 /* Products */,
			);
			sourceTree = "<group>";
		};
		36C40CE9243CFD1E009EBAD0 /* Products */ = {
			isa = PBXGroup;
			children = (
				36C40CE8243CFD1E009EBAD0 /* BMI Calculator.app */,
			);
			name = Products;
			sourceTree = "<group>";
		};
		36C40CEA243CFD1E009EBAD0 /* BMI Claculator */ = {
			isa = PBXGroup;
			children = (
				36C40CEB243CFD1E009EBAD0 /* AppDelegate.swift */,
				36C40CED243CFD1E009EBAD0 /* SceneDelegate.swift */,
				36C40D02243CFD4D009EBAD0 /* Models */,
				36C40D07243CFD52009EBAD0 /* Views */,
				36C40D10243CFD66009EBAD0 /* Controllers */,
				36C40D17243D1202009EBAD0 /* Font */,
				36C40CF7243CFD20009EBAD0 /* Assets.xcassets */,
				36C40CF9243CFD20009EBAD0 /* LaunchScreen.storyboard */,
				36C40CFC243CFD20009EBAD0 /* Info.plist */,
				36C40CF4243CFD1E009EBAD0 /* BMI_Claculator.xcdatamodeld */,
			);
			path = "BMI Claculator";
			sourceTree = "<group>";
		};
		36C40D02243CFD4D009EBAD0 /* Models */ = {
			isa = PBXGroup;
			children = (
				36C40D03243CFD4D009EBAD0 /* CalculatorBrain.swift */,
				36C40D04243CFD4D009EBAD0 /* BMI.swift */,
			);
			path = Models;
			sourceTree = "<group>";
		};
		36C40D07243CFD52009EBAD0 /* Views */ = {
			isa = PBXGroup;
			children = (
				36C40D08243CFD52009EBAD0 /* Main.storyboard */,
			);
			path = Views;
			sourceTree = "<group>";
		};
		36C40D10243CFD66009EBAD0 /* Controllers */ = {
			isa = PBXGroup;
			children = (
				36C40D11243CFD66009EBAD0 /* ResultViewController.swift */,
				36C40D12243CFD66009EBAD0 /* CalculateViewController.swift */,
			);
			path = Controllers;
			sourceTree = "<group>";
		};
		36C40D17243D1202009EBAD0 /* Font */ = {
			isa = PBXGroup;
			children = (
				36C40D18243D1418009EBAD0 /* hemi head bd it.ttf */,
			);
			path = Font;
			sourceTree = "<group>";
		};
/* End PBXGroup section */

/* Begin PBXNativeTarget section */
		36C40CE7243CFD1E009EBAD0 /* BMI Calculator */ = {
			isa = PBXNativeTarget;
			buildConfigurationList = 36C40CFF243CFD20009EBAD0 /* Build configuration list for PBXNativeTarget "BMI Calculator" */;
			buildPhases = (
				36C40CE4243CFD1E009EBAD0 /* Sources */,
				36C40CE5243CFD1E009EBAD0 /* Frameworks */,
				36C40CE6243CFD1E009EBAD0 /* Resources */,
			);
			buildRules = (
			);
			dependencies = (
			);
			name = "BMI Calculator";
			productName = "BMI Claculator";
			productReference = 36C40CE8243CFD1E009EBAD0 /* BMI Calculator.app */;
			productType = "com.apple.product-type.application";
		};
/* End PBXNativeTarget section */

/* Begin PBXProject section */
		36C40CE0243CFD1E009EBAD0 /* Project object */ = {
			isa = PBXProject;
			attributes = {
				LastSwiftUpdateCheck = 1130;
				LastUpgradeCheck = 1130;
				ORGANIZATIONNAME = "Robert Harrison";
				TargetAttributes = {
					36C40CE7243CFD1E009EBAD0 = {
						CreatedOnToolsVersion = 11.3.1;
					};
				};
			};
			buildConfigurationList = 36C40CE3243CFD1E009EBAD0 /* Build configuration list for PBXProject "BMI Calculator" */;
			compatibilityVersion = "Xcode 9.3";
			developmentRegion = en;
			hasScannedForEncodings = 0;
			knownRegions = (
				en,
				Base,
			);
			mainGroup = 36C40CDF243CFD1E009EBAD0;
			productRefGroup = 36C40CE9243CFD1E009EBAD0 /* Products */;
			projectDirPath = "";
			projectRoot = "";
			targets = (
				36C40CE7243CFD1E009EBAD0 /* BMI Calculator */,
			);
		};
/* End PBXProject section */

/* Begin PBXResourcesBuildPhase section */
		36C40CE6243CFD1E009EBAD0 /* Resources */ = {
			isa = PBXResourcesBuildPhase;
			buildActionMask = 2147483647;
			files = (
				36C40D0A243CFD52009EBAD0 /* Main.storyboard in Resources */,
				36C40CFB243CFD20009EBAD0 /* LaunchScreen.storyboard in Resources */,
				36C40CF8243CFD20009EBAD0 /* Assets.xcassets in Resources */,
				36C40D19243D1418009EBAD0 /* hemi head bd it.ttf in Resources */,
			);
			runOnlyForDeploymentPostprocessing = 0;
		};
/* End PBXResourcesBuildPhase section */

/* Begin PBXSourcesBuildPhase section */
		36C40CE4243CFD1E009EBAD0 /* Sources */ = {
			isa = PBXSourcesBuildPhase;
			buildActionMask = 2147483647;
			files = (
				36C40D14243CFD66009EBAD0 /* CalculateViewController.swift in Sources */,
				36C40D06243CFD4D009EBAD0 /* BMI.swift in Sources */,
				36C40CF6243CFD1E009EBAD0 /* BMI_Claculator.xcdatamodeld in Sources */,
				36C40CEC243CFD1E009EBAD0 /* AppDelegate.swift in Sources */,
				36C40D05243CFD4D009EBAD0 /* CalculatorBrain.swift in Sources */,
				36C40CEE243CFD1E009EBAD0 /* SceneDelegate.swift in Sources */,
				36C40D13243CFD66009EBAD0 /* ResultViewController.swift in Sources */,
			);
			runOnlyForDeploymentPostprocessing = 0;
		};
/* End PBXSourcesBuildPhase section */

/* Begin PBXVariantGroup section */
		36C40CF9243CFD20009EBAD0 /* LaunchScreen.storyboard */ = {
			isa = PBXVariantGroup;
			children = (
				36C40CFA243CFD20009EBAD0 /* Base */,
			);
			name = LaunchScreen.storyboard;
			sourceTree = "<group>";
		};
		36C40D08243CFD52009EBAD0 /* Main.storyboard */ = {
			isa = PBXVariantGroup;
			children = (
				36C40D09243CFD52009EBAD0 /* Base */,
			);
			name = Main.storyboard;
			sourceTree = "<group>";
		};
/* End PBXVariantGroup section */

/* Begin XCBuildConfiguration section */
		36C40CFD243CFD20009EBAD0 /* Debug */ = {
			isa = XCBuildConfiguration;
			buildSettings = {
				ALWAYS_SEARCH_USER_PATHS = NO;
				CLANG_ANALYZER_NONNULL = YES;
				CLANG_ANALYZER_NUMBER_OBJECT_CONVERSION = YES_AGGRESSIVE;
				CLANG_CXX_LANGUAGE_STANDARD = "gnu++14";
				CLANG_CXX_LIBRARY = "libc++";
				CLANG_ENABLE_MODULES = YES;
				CLANG_ENABLE_OBJC_ARC = YES;
				CLANG_ENABLE_OBJC_WEAK = YES;
				CLANG_WARN_BLOCK_CAPTURE_AUTORELEASING = YES;
				CLANG_WARN_BOOL_CONVERSION = YES;
				CLANG_WARN_COMMA = YES;
				CLANG_WARN_CONSTANT_CONVERSION = YES;
				CLANG_WARN_DEPRECATED_OBJC_IMPLEMENTATIONS = YES;
				CLANG_WARN_DIRECT_OBJC_ISA_USAGE = YES_ERROR;
				CLANG_WARN_DOCUMENTATION_COMMENTS = YES;
				CLANG_WARN_EMPTY_BODY = YES;
				CLANG_WARN_ENUM_CONVERSION = YES;
				CLANG_WARN_INFINITE_RECURSION = YES;
				CLANG_WARN_INT_CONVERSION = YES;
				CLANG_WARN_NON_LITERAL_NULL_CONVERSION = YES;
				CLANG_WARN_OBJC_IMPLICIT_RETAIN_SELF = YES;
				CLANG_WARN_OBJC_LITERAL_CONVERSION = YES;
				CLANG_WARN_OBJC_ROOT_CLASS = YES_ERROR;
				CLANG_WARN_RANGE_LOOP_ANALYSIS = YES;
				CLANG_WARN_STRICT_PROTOTYPES = YES;
				CLANG_WARN_SUSPICIOUS_MOVE = YES;
				CLANG_WARN_UNGUARDED_AVAILABILITY = YES_AGGRESSIVE;
				CLANG_WARN_UNREACHABLE_CODE = YES;
				CLANG_WARN__DUPLICATE_METHOD_MATCH = YES;
				COPY_PHASE_STRIP = NO;
				DEBUG_INFORMATION_FORMAT = dwarf;
				ENABLE_STRICT_OBJC_MSGSEND = YES;
				ENABLE_TESTABILITY = YES;
				GCC_C_LANGUAGE_STANDARD = gnu11;
				GCC_DYNAMIC_NO_PIC = NO;
				GCC_NO_COMMON_BLOCKS = YES;
				GCC_OPTIMIZATION_LEVEL = 0;
				GCC_PREPROCESSOR_DEFINITIONS = (
					"DEBUG=1",
					"$(inherited)",
				);
				GCC_WARN_64_TO_32_BIT_CONVERSION = YES;
				GCC_WARN_ABOUT_RETURN_TYPE = YES_ERROR;
				GCC_WARN_UNDECLARED_SELECTOR = YES;
				GCC_WARN_UNINITIALIZED_AUTOS = YES_AGGRESSIVE;
				GCC_WARN_UNUSED_FUNCTION = YES;
				GCC_WARN_UNUSED_VARIABLE = YES;
				IPHONEOS_DEPLOYMENT_TARGET = 13.2;
				MTL_ENABLE_DEBUG_INFO = INCLUDE_SOURCE;
				MTL_FAST_MATH = YES;
				ONLY_ACTIVE_ARCH = YES;
				SDKROOT = iphoneos;
				SWIFT_ACTIVE_COMPILATION_CONDITIONS = DEBUG;
				SWIFT_OPTIMIZATION_LEVEL = "-Onone";
			};
			name = Debug;
		};
		36C40CFE243CFD20009EBAD0 /* Release */ = {
			isa = XCBuildConfiguration;
			buildSettings = {
				ALWAYS_SEARCH_USER_PATHS = NO;
				CLANG_ANALYZER_NONNULL = YES;
				CLANG_ANALYZER_NUMBER_OBJECT_CONVERSION = YES_AGGRESSIVE;
				CLANG_CXX_LANGUAGE_STANDARD = "gnu++14";
				CLANG_CXX_LIBRARY = "libc++";
				CLANG_ENABLE_MODULES = YES;
				CLANG_ENABLE_OBJC_ARC = YES;
				CLANG_ENABLE_OBJC_WEAK = YES;
				CLANG_WARN_BLOCK_CAPTURE_AUTORELEASING = YES;
				CLANG_WARN_BOOL_CONVERSION = YES;
				CLANG_WARN_COMMA = YES;
				CLANG_WARN_CONSTANT_CONVERSION = YES;
				CLANG_WARN_DEPRECATED_OBJC_IMPLEMENTATIONS = YES;
				CLANG_WARN_DIRECT_OBJC_ISA_USAGE = YES_ERROR;
				CLANG_WARN_DOCUMENTATION_COMMENTS = YES;
				CLANG_WARN_EMPTY_BODY = YES;
				CLANG_WARN_ENUM_CONVERSION = YES;
				CLANG_WARN_INFINITE_RECURSION = YES;
				CLANG_WARN_INT_CONVERSION = YES;
				CLANG_WARN_NON_LITERAL_NULL_CONVERSION = YES;
				CLANG_WARN_OBJC_IMPLICIT_RETAIN_SELF = YES;
				CLANG_WARN_OBJC_LITERAL_CONVERSION = YES;
				CLANG_WARN_OBJC_ROOT_CLASS = YES_ERROR;
				CLANG_WARN_RANGE_LOOP_ANALYSIS = YES;
				CLANG_WARN_STRICT_PROTOTYPES = YES;
				CLANG_WARN_SUSPICIOUS_MOVE = YES;
				CLANG_WARN_UNGUARDED_AVAILABILITY = YES_AGGRESSIVE;
				CLANG_WARN_UNREACHABLE_CODE = YES;
				CLANG_WARN__DUPLICATE_METHOD_MATCH = YES;
				COPY_PHASE_STRIP = NO;
				DEBUG_INFORMATION_FORMAT = "dwarf-with-dsym";
				ENABLE_NS_ASSERTIONS = NO;
				ENABLE_STRICT_OBJC_MSGSEND = YES;
				GCC_C_LANGUAGE_STANDARD = gnu11;
				GCC_NO_COMMON_BLOCKS = YES;
				GCC_WARN_64_TO_32_BIT_CONVERSION = YES;
				GCC_WARN_ABOUT_RETURN_TYPE = YES_ERROR;
				GCC_WARN_UNDECLARED_SELECTOR = YES;
				GCC_WARN_UNINITIALIZED_AUTOS = YES_AGGRESSIVE;
				GCC_WARN_UNUSED_FUNCTION = YES;
				GCC_WARN_UNUSED_VARIABLE = YES;
				IPHONEOS_DEPLOYMENT_TARGET = 13.2;
				MTL_ENABLE_DEBUG_INFO = NO;
				MTL_FAST_MATH = YES;
				SDKROOT = iphoneos;
				SWIFT_COMPILATION_MODE = wholemodule;
				SWIFT_OPTIMIZATION_LEVEL = "-O";
				VALIDATE_PRODUCT = YES;
			};
			name = Release;
		};
		36C40D00243CFD20009EBAD0 /* Debug */ = {
			isa = XCBuildConfiguration;
			buildSettings = {
				ASSETCATALOG_COMPILER_APPICON_NAME = AppIcon;
				CODE_SIGN_STYLE = Automatic;
				DEVELOPMENT_TEAM = 487824BLHE;
				INFOPLIST_FILE = "BMI Claculator/Info.plist";
				LD_RUNPATH_SEARCH_PATHS = (
					"$(inherited)",
					"@executable_path/Frameworks",
				);
				PRODUCT_BUNDLE_IDENTIFIER = "com.sitemapstudios.BMI-Calculator";
				PRODUCT_NAME = "BMI Calculator";
				SWIFT_VERSION = 5.0;
				TARGETED_DEVICE_FAMILY = "1,2";
			};
			name = Debug;
		};
		36C40D01243CFD20009EBAD0 /* Release */ = {
			isa = XCBuildConfiguration;
			buildSettings = {
				ASSETCATALOG_COMPILER_APPICON_NAME = AppIcon;
				CODE_SIGN_STYLE = Automatic;
				DEVELOPMENT_TEAM = 487824BLHE;
				INFOPLIST_FILE = "BMI Claculator/Info.plist";
				LD_RUNPATH_SEARCH_PATHS = (
					"$(inherited)",
					"@executable_path/Frameworks",
				);
				PRODUCT_BUNDLE_IDENTIFIER = "com.sitemapstudios.BMI-Calculator";
				PRODUCT_NAME = "BMI Calculator";
				SWIFT_VERSION = 5.0;
				TARGETED_DEVICE_FAMILY = "1,2";
			};
			name = Release;
		};
/* End XCBuildConfiguration section */

/* Begin XCConfigurationList section */
		36C40CE3243CFD1E009EBAD0 /* Build configuration list for PBXProject "BMI Calculator" */ = {
			isa = XCConfigurationList;
			buildConfigurations = (
				36C40CFD243CFD20009EBAD0 /* Debug */,
				36C40CFE243CFD20009EBAD0 /* Release */,
			);
			defaultConfigurationIsVisible = 0;
			defaultConfigurationName = Release;
		};
		36C40CFF243CFD20009EBAD0 /* Build configuration list for PBXNativeTarget "BMI Calculator" */ = {
			isa = XCConfigurationList;
			buildConfigurations = (
				36C40D00243CFD20009EBAD0 /* Debug */,
				36C40D01243CFD20009EBAD0 /* Release */,
			);
			defaultConfigurationIsVisible = 0;
			defaultConfigurationName = Release;
		};
/* End XCConfigurationList section */

/* Begin XCVersionGroup section */
		36C40CF4243CFD1E009EBAD0 /* BMI_Claculator.xcdatamodeld */ = {
			isa = XCVersionGroup;
			children = (
				36C40CF5243CFD1E009EBAD0 /* BMI_Claculator.xcdatamodel */,
			);
			currentVersion = 36C40CF5243CFD1E009EBAD0 /* BMI_Claculator.xcdatamodel */;
			path = BMI_Claculator.xcdatamodeld;
			sourceTree = "<group>";
			versionGroupType = wrapper.xcdatamodel;
		};
/* End XCVersionGroup section */
	};
	rootObject = 36C40CE0243CFD1E009EBAD0 /* Project object */;
}
